{
  "nodes": {
    "flake-utils": {
      "inputs": {
        "systems": "systems"
      },
      "locked": {
        "lastModified": 1705309234,
        "narHash": "sha256-uNRRNRKmJyCRC/8y1RqBkqWBLM034y4qN7EprSdmgyA=",
        "owner": "numtide",
        "repo": "flake-utils",
        "rev": "1ef2e671c3b0c19053962c07dbda38332dcebf26",
        "type": "github"
      },
      "original": {
        "owner": "numtide",
        "repo": "flake-utils",
        "type": "github"
      }
    },
    "melange": {
      "inputs": {
        "flake-utils": [
          "flake-utils"
        ],
        "melange-compiler-libs": "melange-compiler-libs",
        "nix-filter": [
          "nix-filter"
        ],
        "nixpkgs": [
          "nixpkgs"
        ]
      },
      "locked": {
        "lastModified": 1707285724,
        "narHash": "sha256-W6zbGT3v110kpSgIH5DxE0dSqfOxvNntIOXiOaLwbJ0=",
        "owner": "melange-re",
        "repo": "melange",
        "rev": "f45f7f07bfc6f44c5d11fd0f7c8e1fb293007d21",
        "type": "github"
      },
      "original": {
        "owner": "melange-re",
        "repo": "melange",
        "type": "github"
      }
    },
    "melange-compiler-libs": {
      "inputs": {
        "flake-utils": [
          "melange",
          "flake-utils"
        ],
        "nixpkgs": [
          "melange",
          "nixpkgs"
        ]
      },
      "locked": {
        "lastModified": 1707270273,
        "narHash": "sha256-j3UD9YDr6+nSI+pPoSXPNtx4fkioXVz6cuY6kapPomI=",
        "owner": "melange-re",
        "repo": "melange-compiler-libs",
        "rev": "f9fc9bca658c1b2cfb3846136549a87e112f89c5",
        "type": "github"
      },
      "original": {
        "owner": "melange-re",
        "repo": "melange-compiler-libs",
        "type": "github"
      }
    },
    "nix-filter": {
      "locked": {
        "lastModified": 1705332318,
        "narHash": "sha256-kcw1yFeJe9N4PjQji9ZeX47jg0p9A0DuU4djKvg1a7I=",
        "owner": "numtide",
        "repo": "nix-filter",
        "rev": "3449dc925982ad46246cfc36469baf66e1b64f17",
        "type": "github"
      },
      "original": {
        "owner": "numtide",
        "repo": "nix-filter",
        "type": "github"
      }
    },
    "nixpkgs": {
      "inputs": {
        "flake-utils": [
          "flake-utils"
        ],
        "nixpkgs": "nixpkgs_2"
      },
      "locked": {
        "lastModified": 1707426472,
        "narHash": "sha256-SqvvMWf6xi3VTeL7LuYdw8+IEmXQ9dnJnnhD3nmxQkM=",
        "owner": "nix-ocaml",
        "repo": "nix-overlays",
        "rev": "be16942aeaffaafb58b8075bc7739ac2910639a6",
        "type": "github"
      },
      "original": {
        "owner": "nix-ocaml",
        "repo": "nix-overlays",
        "type": "github"
      }
    },
    "nixpkgs_2": {
      "locked": {
        "lastModified": 1707391370,
        "narHash": "sha256-2fY7uKQaAFAk5OtcyNBd+PpP4Vn7uOJhPZOuPUylnPQ=",
        "owner": "NixOS",
        "repo": "nixpkgs",
        "rev": "c495ce633e0113ae6e70fed83b6f1a508066394b",
        "type": "github"
      },
      "original": {
        "owner": "NixOS",
        "repo": "nixpkgs",
        "rev": "c495ce633e0113ae6e70fed83b6f1a508066394b",
        "type": "github"
      }
    },
    "root": {
      "inputs": {
        "flake-utils": "flake-utils",
        "melange": "melange",
        "nix-filter": "nix-filter",
        "nixpkgs": "nixpkgs"
      }
    },
    "systems": {
      "locked": {
        "lastModified": 1681028828,
        "narHash": "sha256-Vy1rq5AaRuLzOxct8nz4T6wlgyUR7zLU309k9mBC768=",
        "owner": "nix-systems",
        "repo": "default",
        "rev": "da67096a3b9bf56a91d16901293e51ba5b49a27e",
        "type": "github"
      },
      "original": {
        "owner": "nix-systems",
        "repo": "default",
        "type": "github"
      }
    }
  },
  "root": "root",
  "version": 7
}
