{
  "nodes": {
    "flake-utils": {
      "inputs": {
        "systems": "systems"
      },
      "locked": {
        "lastModified": 1692799911,
        "narHash": "sha256-3eihraek4qL744EvQXsK1Ha6C3CR7nnT8X2qWap4RNk=",
        "owner": "numtide",
        "repo": "flake-utils",
        "rev": "f9e7cf818399d17d347f847525c5a5a8032e4e44",
        "type": "github"
      },
      "original": {
        "owner": "numtide",
        "repo": "flake-utils",
        "type": "github"
      }
    },
    "melange": {
      "inputs": {
        "flake-utils": [
          "flake-utils"
        ],
        "melange-compiler-libs": "melange-compiler-libs",
        "nix-filter": [
          "nix-filter"
        ],
        "nixpkgs": [
          "nixpkgs"
        ]
      },
      "locked": {
        "lastModified": 1694101253,
        "narHash": "sha256-xei+la6B7HMIekVs9nze7eQGQe3T0ehi89RuigMydCM=",
        "owner": "melange-re",
        "repo": "melange",
        "rev": "e114ad55d185badeb32b3c766c9ab547495eac1b",
        "type": "github"
      },
      "original": {
        "owner": "melange-re",
        "repo": "melange",
        "type": "github"
      }
    },
    "melange-compiler-libs": {
      "inputs": {
        "flake-utils": [
          "melange",
          "flake-utils"
        ],
        "nixpkgs": [
          "melange",
          "nixpkgs"
        ]
      },
      "locked": {
        "lastModified": 1694035969,
        "narHash": "sha256-QJnOPSxduX34SAPJJXORukEusOLUe/rpMdOI2qOxnGo=",
        "owner": "melange-re",
        "repo": "melange-compiler-libs",
        "rev": "6e6646c6f8b6e2d785e12b8c38e14af2e8e47893",
        "type": "github"
      },
      "original": {
        "owner": "melange-re",
        "repo": "melange-compiler-libs",
        "type": "github"
      }
    },
    "nix-filter": {
      "locked": {
        "lastModified": 1693833173,
        "narHash": "sha256-hlMABKrGbEiJD5dwUSfnw1CQ3bG7KKwDV+Nx3bEZd7U=",
        "owner": "numtide",
        "repo": "nix-filter",
        "rev": "ac030bd9ba98e318e1f4c4328d60766ade8ebe8b",
        "type": "github"
      },
      "original": {
        "owner": "numtide",
        "repo": "nix-filter",
        "type": "github"
      }
    },
    "nixpkgs": {
      "inputs": {
        "flake-utils": [
          "flake-utils"
        ],
        "nixpkgs": "nixpkgs_2"
      },
      "locked": {
        "lastModified": 1694206061,
        "narHash": "sha256-hXt2Kb3/VQ0WH1HPv5gltO2pKg5BJHezB7a23WU5DoA=",
        "owner": "nix-ocaml",
        "repo": "nix-overlays",
        "rev": "2c5a5cd69202e22e7881529fe96552b80708be5d",
        "type": "github"
      },
      "original": {
        "owner": "nix-ocaml",
        "repo": "nix-overlays",
        "type": "github"
      }
    },
    "nixpkgs_2": {
      "locked": {
        "lastModified": 1694068030,
        "narHash": "sha256-q21JdfZjK4XN5QwWTzCHF/G6uuZtwASNW9/ZBaak65M=",
        "owner": "NixOS",
        "repo": "nixpkgs",
        "rev": "9e26139b45147aadd25ab7ab3bc4a93d6d5e94e7",
        "type": "github"
      },
      "original": {
        "owner": "NixOS",
        "repo": "nixpkgs",
        "rev": "9e26139b45147aadd25ab7ab3bc4a93d6d5e94e7",
        "type": "github"
      }
    },
    "root": {
      "inputs": {
        "flake-utils": "flake-utils",
        "melange": "melange",
        "nix-filter": "nix-filter",
        "nixpkgs": "nixpkgs"
      }
    },
    "systems": {
      "locked": {
        "lastModified": 1681028828,
        "narHash": "sha256-Vy1rq5AaRuLzOxct8nz4T6wlgyUR7zLU309k9mBC768=",
        "owner": "nix-systems",
        "repo": "default",
        "rev": "da67096a3b9bf56a91d16901293e51ba5b49a27e",
        "type": "github"
      },
      "original": {
        "owner": "nix-systems",
        "repo": "default",
        "type": "github"
      }
    }
  },
  "root": "root",
  "version": 7
}
